
Microsoft Visual Studio Solution File, Format Version 12.00
# Visual Studio 15
VisualStudioVersion = 15.0.27130.2027
MinimumVisualStudioVersion = 10.0.40219.1
Project("{FAE04EC0-301F-11D3-BF4B-00C04F79EFBC}") = "lab6", "lab6\lab6.csproj", "{0F487DB6-3F46-4481-9458-E690A7F0E215}"
EndProject
Global
	GlobalSection(SolutionConfigurationPlatforms) = preSolution
		Debug|Any CPU = Debug|Any CPU
		Release|Any CPU = Release|Any CPU
	EndGlobalSection
	GlobalSection(ProjectConfigurationPlatforms) = postSolution
		{0F487DB6-3F46-4481-9458-E690A7F0E215}.Debug|Any CPU.ActiveCfg = Debug|Any CPU
		{0F487DB6-3F46-4481-9458-E690A7F0E215}.Debug|Any CPU.Build.0 = Debug|Any CPU
		{0F487DB6-3F46-4481-9458-E690A7F0E215}.Release|Any CPU.ActiveCfg = Release|Any CPU
		{0F487DB6-3F46-4481-9458-E690A7F0E215}.Release|Any CPU.Build.0 = Release|Any CPU
	EndGlobalSection
	GlobalSection(SolutionProperties) = preSolution
		HideSolutionNode = FALSE
	EndGlobalSection
	GlobalSection(ExtensibilityGlobals) = postSolution
		SolutionGuid = {47A1FD97-5E2E-4AC7-93B2-359A30F09BEA}
	EndGlobalSection
EndGlobal
